
Microsoft Visual Studio Solution File, Format Version 12.00
# Visual Studio Version 16
VisualStudioVersion = 16.0.29318.209
MinimumVisualStudioVersion = 10.0.40219.1
Project("{FAE04EC0-301F-11D3-BF4B-00C04F79EFBC}") = "MainAplication", "MainAplication\MainAplication.csproj", "{F49B54DF-64D8-45AE-82EB-03A317A84D36}"
EndProject
Global
	GlobalSection(SolutionConfigurationPlatforms) = preSolution
		Debug|Any CPU = Debug|Any CPU
		Release|Any CPU = Release|Any CPU
	EndGlobalSection
	GlobalSection(ProjectConfigurationPlatforms) = postSolution
		{F49B54DF-64D8-45AE-82EB-03A317A84D36}.Debug|Any CPU.ActiveCfg = Debug|Any CPU
		{F49B54DF-64D8-45AE-82EB-03A317A84D36}.Debug|Any CPU.Build.0 = Debug|Any CPU
		{F49B54DF-64D8-45AE-82EB-03A317A84D36}.Release|Any CPU.ActiveCfg = Release|Any CPU
		{F49B54DF-64D8-45AE-82EB-03A317A84D36}.Release|Any CPU.Build.0 = Release|Any CPU
	EndGlobalSection
	GlobalSection(SolutionProperties) = preSolution
		HideSolutionNode = FALSE
	EndGlobalSection
	GlobalSection(ExtensibilityGlobals) = postSolution
		SolutionGuid = {C6C76E44-51CD-450E-99C4-C4BD9CD65F8A}
	EndGlobalSection
EndGlobal
